
Microsoft Visual Studio Solution File, Format Version 12.00
# Visual Studio Version 17
VisualStudioVersion = 17.14.36212.18 d17.14
MinimumVisualStudioVersion = 10.0.40219.1
Project("{FAE04EC0-301F-11D3-BF4B-00C04F79EFBC}") = "QuanLyDiemRenLuyenSV", "QuanLyDiemRenLuyenSV\QuanLyDiemRenLuyenSV.csproj", "{4591C963-B7F7-4D04-8374-42C3586A0E46}"
EndProject
Global
	GlobalSection(SolutionConfigurationPlatforms) = preSolution
		Debug|Any CPU = Debug|Any CPU
		Release|Any CPU = Release|Any CPU
	EndGlobalSection
	GlobalSection(ProjectConfigurationPlatforms) = postSolution
		{4591C963-B7F7-4D04-8374-42C3586A0E46}.Debug|Any CPU.ActiveCfg = Debug|Any CPU
		{4591C963-B7F7-4D04-8374-42C3586A0E46}.Debug|Any CPU.Build.0 = Debug|Any CPU
		{4591C963-B7F7-4D04-8374-42C3586A0E46}.Release|Any CPU.ActiveCfg = Release|Any CPU
		{4591C963-B7F7-4D04-8374-42C3586A0E46}.Release|Any CPU.Build.0 = Release|Any CPU
	EndGlobalSection
	GlobalSection(SolutionProperties) = preSolution
		HideSolutionNode = FALSE
	EndGlobalSection
	GlobalSection(ExtensibilityGlobals) = postSolution
		SolutionGuid = {CCFC5DD1-7003-4CB8-9332-B1940286A1A9}
	EndGlobalSection
EndGlobal
